# This file is automatically @generated by Cargo.
# It is not intended for manual editing.
version = 3

[[package]]
name = "bitfrob"
version = "0.1.1"
source = "registry+https://github.com/rust-lang/crates.io-index"
checksum = "67aea4bb16a3e2a24e1ad75c5d4276d3e11c56955bad13325fc375f0682b47d2"

[[package]]
name = "bytemuck"
version = "1.11.0"
source = "registry+https://github.com/rust-lang/crates.io-index"
checksum = "a5377c8865e74a160d21f29c2d40669f53286db6eab59b88540cbb12ffc8b835"

[[package]]
name = "gamecrab"
version = "0.0.0"
dependencies = [
 "bitfrob",
 "bytemuck",
]
